
Microsoft Visual Studio Solution File, Format Version 12.00
# Visual Studio 15
VisualStudioVersion = 15.0.27703.2047
MinimumVisualStudioVersion = 10.0.40219.1
Project("{8BC9CEB8-8B4A-11D0-8D11-00A0C91BC942}") = "mt32emu", "mt32emu.vcxproj", "{613ABA51-3D44-4FE5-A7E8-5803688FC56F}"
EndProject
Project("{8BC9CEB8-8B4A-11D0-8D11-00A0C91BC942}") = "libsoxr", "soxr\msvc\libsoxr.vcxproj", "{AF9AD75C-4785-4432-BAC3-ADAB1E7F1192}"
EndProject
Global
	GlobalSection(SolutionConfigurationPlatforms) = preSolution
		Debug|x64 = Debug|x64
		Debug|x86 = Debug|x86
		Release|x64 = Release|x64
		Release|x86 = Release|x86
	EndGlobalSection
	GlobalSection(ProjectConfigurationPlatforms) = postSolution
		{613ABA51-3D44-4FE5-A7E8-5803688FC56F}.Debug|x64.ActiveCfg = Debug|x64
		{613ABA51-3D44-4FE5-A7E8-5803688FC56F}.Debug|x64.Build.0 = Debug|x64
		{613ABA51-3D44-4FE5-A7E8-5803688FC56F}.Debug|x86.ActiveCfg = Debug|Win32
		{613ABA51-3D44-4FE5-A7E8-5803688FC56F}.Debug|x86.Build.0 = Debug|Win32
		{613ABA51-3D44-4FE5-A7E8-5803688FC56F}.Release|x64.ActiveCfg = Release|x64
		{613ABA51-3D44-4FE5-A7E8-5803688FC56F}.Release|x64.Build.0 = Release|x64
		{613ABA51-3D44-4FE5-A7E8-5803688FC56F}.Release|x86.ActiveCfg = Release|Win32
		{613ABA51-3D44-4FE5-A7E8-5803688FC56F}.Release|x86.Build.0 = Release|Win32
		{AF9AD75C-4785-4432-BAC3-ADAB1E7F1192}.Debug|x64.ActiveCfg = Debug|Win32
		{AF9AD75C-4785-4432-BAC3-ADAB1E7F1192}.Debug|x86.ActiveCfg = Debug|Win32
		{AF9AD75C-4785-4432-BAC3-ADAB1E7F1192}.Debug|x86.Build.0 = Debug|Win32
		{AF9AD75C-4785-4432-BAC3-ADAB1E7F1192}.Release|x64.ActiveCfg = Release|Win32
		{AF9AD75C-4785-4432-BAC3-ADAB1E7F1192}.Release|x86.ActiveCfg = Release|Win32
		{AF9AD75C-4785-4432-BAC3-ADAB1E7F1192}.Release|x86.Build.0 = Release|Win32
	EndGlobalSection
	GlobalSection(SolutionProperties) = preSolution
		HideSolutionNode = FALSE
	EndGlobalSection
	GlobalSection(ExtensibilityGlobals) = postSolution
		SolutionGuid = {69C223BA-D2B0-405F-84F7-E802B028CC5F}
	EndGlobalSection
EndGlobal
